
Microsoft Visual Studio Solution File, Format Version 12.00
# Visual Studio Version 17
VisualStudioVersion = 17.14.36203.30 d17.14
MinimumVisualStudioVersion = 10.0.40219.1
Project("{FAE04EC0-301F-11D3-BF4B-00C04F79EFBC}") = "CalculatorExercise", "CalculatorExercise.csproj", "{2EB3B84B-00AA-491A-847E-458B00F33FD3}"
EndProject
Global
	GlobalSection(SolutionConfigurationPlatforms) = preSolution
		Debug|Any CPU = Debug|Any CPU
		Release|Any CPU = Release|Any CPU
	EndGlobalSection
	GlobalSection(ProjectConfigurationPlatforms) = postSolution
		{2EB3B84B-00AA-491A-847E-458B00F33FD3}.Debug|Any CPU.ActiveCfg = Debug|Any CPU
		{2EB3B84B-00AA-491A-847E-458B00F33FD3}.Debug|Any CPU.Build.0 = Debug|Any CPU
		{2EB3B84B-00AA-491A-847E-458B00F33FD3}.Release|Any CPU.ActiveCfg = Release|Any CPU
		{2EB3B84B-00AA-491A-847E-458B00F33FD3}.Release|Any CPU.Build.0 = Release|Any CPU
	EndGlobalSection
	GlobalSection(SolutionProperties) = preSolution
		HideSolutionNode = FALSE
	EndGlobalSection
	GlobalSection(ExtensibilityGlobals) = postSolution
		SolutionGuid = {A4B04A1C-8A69-4A3E-B9BF-3738A65AD2CE}
	EndGlobalSection
EndGlobal
